
Microsoft Visual Studio Solution File, Format Version 12.00
# Visual Studio Version 17
VisualStudioVersion = 17.6.33723.286
MinimumVisualStudioVersion = 10.0.40219.1
Project("{E53339B2-1760-4266-BCC7-CA923CBCF16C}") = "docker-compose", "docker-compose.dcproj", "{BF31B2D7-3B7A-421B-9EA8-1CAAB047A72A}"
EndProject
Project("{FAE04EC0-301F-11D3-BF4B-00C04F79EFBC}") = "AutheticationService", "AutheticationService\AutheticationService.csproj", "{0D8C7CA0-D67A-4D2C-A87A-A60890166E28}"
EndProject
Project("{FAE04EC0-301F-11D3-BF4B-00C04F79EFBC}") = "GatewayServices", "GatewayServices\GatewayServices.csproj", "{8A1AA729-1B0D-4DFC-8F0E-DB776685EF97}"
EndProject
Global
	GlobalSection(SolutionConfigurationPlatforms) = preSolution
		Debug|Any CPU = Debug|Any CPU
		Release|Any CPU = Release|Any CPU
	EndGlobalSection
	GlobalSection(ProjectConfigurationPlatforms) = postSolution
		{BF31B2D7-3B7A-421B-9EA8-1CAAB047A72A}.Debug|Any CPU.ActiveCfg = Debug|Any CPU
		{BF31B2D7-3B7A-421B-9EA8-1CAAB047A72A}.Debug|Any CPU.Build.0 = Debug|Any CPU
		{BF31B2D7-3B7A-421B-9EA8-1CAAB047A72A}.Release|Any CPU.ActiveCfg = Release|Any CPU
		{BF31B2D7-3B7A-421B-9EA8-1CAAB047A72A}.Release|Any CPU.Build.0 = Release|Any CPU
		{0D8C7CA0-D67A-4D2C-A87A-A60890166E28}.Debug|Any CPU.ActiveCfg = Debug|Any CPU
		{0D8C7CA0-D67A-4D2C-A87A-A60890166E28}.Debug|Any CPU.Build.0 = Debug|Any CPU
		{0D8C7CA0-D67A-4D2C-A87A-A60890166E28}.Release|Any CPU.ActiveCfg = Release|Any CPU
		{0D8C7CA0-D67A-4D2C-A87A-A60890166E28}.Release|Any CPU.Build.0 = Release|Any CPU
		{8A1AA729-1B0D-4DFC-8F0E-DB776685EF97}.Debug|Any CPU.ActiveCfg = Debug|Any CPU
		{8A1AA729-1B0D-4DFC-8F0E-DB776685EF97}.Debug|Any CPU.Build.0 = Debug|Any CPU
		{8A1AA729-1B0D-4DFC-8F0E-DB776685EF97}.Release|Any CPU.ActiveCfg = Release|Any CPU
		{8A1AA729-1B0D-4DFC-8F0E-DB776685EF97}.Release|Any CPU.Build.0 = Release|Any CPU
	EndGlobalSection
	GlobalSection(SolutionProperties) = preSolution
		HideSolutionNode = FALSE
	EndGlobalSection
	GlobalSection(ExtensibilityGlobals) = postSolution
		SolutionGuid = {97E825FD-871F-4F9F-981F-AD576683BD76}
	EndGlobalSection
EndGlobal
